
Microsoft Visual Studio Solution File, Format Version 12.00
# Visual Studio Version 16
VisualStudioVersion = 16.0.31025.194
MinimumVisualStudioVersion = 10.0.40219.1
Project("{9A19103F-16F7-4668-BE54-9A1E7A4F7556}") = "Trip.Core", "Trip.Core\Trip.Core.csproj", "{13196BE9-4152-4742-ABD3-7C8175F8BD1F}"
EndProject
Project("{9A19103F-16F7-4668-BE54-9A1E7A4F7556}") = "Trip.Application", "Trip.Application\Trip.Application.csproj", "{6EEC2DAD-F989-407D-9659-8832527ABDAE}"
EndProject
Project("{9A19103F-16F7-4668-BE54-9A1E7A4F7556}") = "Trip.WebApi", "Trip.WebApi\Trip.WebApi.csproj", "{ACE02011-4C9F-468A-9489-30A9D8DFC327}"
EndProject
Project("{2150E333-8FDC-42A3-9474-1A3956D46DE8}") = "Adapters", "Adapters", "{94157C44-343D-48BF-A3B8-37AA3E2901EB}"
EndProject
Project("{2150E333-8FDC-42A3-9474-1A3956D46DE8}") = "Driven", "Driven", "{DF634423-705F-4957-BA7E-075D03CA9D81}"
EndProject
Project("{2150E333-8FDC-42A3-9474-1A3956D46DE8}") = "Driving", "Driving", "{352EACDE-A5E2-4884-9DA2-D57228965F8B}"
EndProject
Global
	GlobalSection(SolutionConfigurationPlatforms) = preSolution
		Debug|Any CPU = Debug|Any CPU
		Release|Any CPU = Release|Any CPU
	EndGlobalSection
	GlobalSection(ProjectConfigurationPlatforms) = postSolution
		{13196BE9-4152-4742-ABD3-7C8175F8BD1F}.Debug|Any CPU.ActiveCfg = Debug|Any CPU
		{13196BE9-4152-4742-ABD3-7C8175F8BD1F}.Debug|Any CPU.Build.0 = Debug|Any CPU
		{13196BE9-4152-4742-ABD3-7C8175F8BD1F}.Release|Any CPU.ActiveCfg = Release|Any CPU
		{13196BE9-4152-4742-ABD3-7C8175F8BD1F}.Release|Any CPU.Build.0 = Release|Any CPU
		{6EEC2DAD-F989-407D-9659-8832527ABDAE}.Debug|Any CPU.ActiveCfg = Debug|Any CPU
		{6EEC2DAD-F989-407D-9659-8832527ABDAE}.Debug|Any CPU.Build.0 = Debug|Any CPU
		{6EEC2DAD-F989-407D-9659-8832527ABDAE}.Release|Any CPU.ActiveCfg = Release|Any CPU
		{6EEC2DAD-F989-407D-9659-8832527ABDAE}.Release|Any CPU.Build.0 = Release|Any CPU
		{ACE02011-4C9F-468A-9489-30A9D8DFC327}.Debug|Any CPU.ActiveCfg = Debug|Any CPU
		{ACE02011-4C9F-468A-9489-30A9D8DFC327}.Debug|Any CPU.Build.0 = Debug|Any CPU
		{ACE02011-4C9F-468A-9489-30A9D8DFC327}.Release|Any CPU.ActiveCfg = Release|Any CPU
		{ACE02011-4C9F-468A-9489-30A9D8DFC327}.Release|Any CPU.Build.0 = Release|Any CPU
	EndGlobalSection
	GlobalSection(SolutionProperties) = preSolution
		HideSolutionNode = FALSE
	EndGlobalSection
	GlobalSection(NestedProjects) = preSolution
		{DF634423-705F-4957-BA7E-075D03CA9D81} = {94157C44-343D-48BF-A3B8-37AA3E2901EB}
		{352EACDE-A5E2-4884-9DA2-D57228965F8B} = {94157C44-343D-48BF-A3B8-37AA3E2901EB}
	EndGlobalSection
	GlobalSection(ExtensibilityGlobals) = postSolution
		SolutionGuid = {A1A1CD12-B458-460D-B79E-6E63C02267CF}
	EndGlobalSection
EndGlobal
